// !$*UTF8*$!
{
	archiveVersion = 1;
	classes = {
	};
	objectVersion = 46;
	objects = {

/* Begin PBXBuildFile section */
		A93F6A271C6FE713009E7144 /* main.m in Sources */ = {isa = PBXBuildFile; fileRef = A93F6A261C6FE713009E7144 /* main.m */; };
		A93F6A2A1C6FE713009E7144 /* AppDelegate.m in Sources */ = {isa = PBXBuildFile; fileRef = A93F6A291C6FE713009E7144 /* AppDelegate.m */; };
		A93F6A2D1C6FE713009E7144 /* MasterViewController.m in Sources */ = {isa = PBXBuildFile; fileRef = A93F6A2C1C6FE713009E7144 /* MasterViewController.m */; };
		A93F6A301C6FE713009E7144 /* DetailViewController.m in Sources */ = {isa = PBXBuildFile; fileRef = A93F6A2F1C6FE713009E7144 /* DetailViewController.m */; };
		A93F6A331C6FE713009E7144 /* Main_iPhone.storyboard in Resources */ = {isa = PBXBuildFile; fileRef = A93F6A311C6FE713009E7144 /* Main_iPhone.storyboard */; };
		A93F6A351C6FE713009E7144 /* Assets.xcassets in Resources */ = {isa = PBXBuildFile; fileRef = A93F6A341C6FE713009E7144 /* Assets.xcassets */; };
		A93F6A381C6FE713009E7144 /* LaunchScreen.storyboard in Resources */ = {isa = PBXBuildFile; fileRef = A93F6A361C6FE713009E7144 /* LaunchScreen.storyboard */; };
		A93F6A431C6FE714009E7144 /* WeatherListTests.m in Sources */ = {isa = PBXBuildFile; fileRef = A93F6A421C6FE714009E7144 /* WeatherListTests.m */; };
		A93F6A4E1C6FE714009E7144 /* WeatherListUITests.m in Sources */ = {isa = PBXBuildFile; fileRef = A93F6A4D1C6FE714009E7144 /* WeatherListUITests.m */; };
		A93F6A5D1C6FF51F009E7144 /* Main_iPad.storyboard in Resources */ = {isa = PBXBuildFile; fileRef = A93F6A5B1C6FF51F009E7144 /* Main_iPad.storyboard */; };
		A93F6A601C6FFA27009E7144 /* PhoneCell.m in Sources */ = {isa = PBXBuildFile; fileRef = A93F6A5F1C6FFA27009E7144 /* PhoneCell.m */; };
		A93F6A641C6FFC3F009E7144 /* PadCell.m in Sources */ = {isa = PBXBuildFile; fileRef = A93F6A631C6FFC3F009E7144 /* PadCell.m */; };
		A976DEC01C723056006EF19C /* PadDetailCell.m in Sources */ = {isa = PBXBuildFile; fileRef = A976DEBF1C723056006EF19C /* PadDetailCell.m */; };
		A9A2DB7E1C70469200CE0765 /* UIColor+CustomColors.m in Sources */ = {isa = PBXBuildFile; fileRef = A9A2DB7D1C70469200CE0765 /* UIColor+CustomColors.m */; };
		A9A2DBA31C70632200CE0765 /* AFHTTPSessionManager.m in Sources */ = {isa = PBXBuildFile; fileRef = A9A2DB821C70632200CE0765 /* AFHTTPSessionManager.m */; };
		A9A2DBA41C70632200CE0765 /* AFNetworkReachabilityManager.m in Sources */ = {isa = PBXBuildFile; fileRef = A9A2DB851C70632200CE0765 /* AFNetworkReachabilityManager.m */; };
		A9A2DBA51C70632200CE0765 /* AFSecurityPolicy.m in Sources */ = {isa = PBXBuildFile; fileRef = A9A2DB871C70632200CE0765 /* AFSecurityPolicy.m */; };
		A9A2DBA61C70632200CE0765 /* AFURLRequestSerialization.m in Sources */ = {isa = PBXBuildFile; fileRef = A9A2DB891C70632200CE0765 /* AFURLRequestSerialization.m */; };
		A9A2DBA71C70632200CE0765 /* AFURLResponseSerialization.m in Sources */ = {isa = PBXBuildFile; fileRef = A9A2DB8B1C70632200CE0765 /* AFURLResponseSerialization.m */; };
		A9A2DBA81C70632200CE0765 /* AFURLSessionManager.m in Sources */ = {isa = PBXBuildFile; fileRef = A9A2DB8D1C70632200CE0765 /* AFURLSessionManager.m */; };
		A9A2DBA91C70632200CE0765 /* AFAutoPurgingImageCache.m in Sources */ = {isa = PBXBuildFile; fileRef = A9A2DB901C70632200CE0765 /* AFAutoPurgingImageCache.m */; };
		A9A2DBAA1C70632200CE0765 /* AFImageDownloader.m in Sources */ = {isa = PBXBuildFile; fileRef = A9A2DB921C70632200CE0765 /* AFImageDownloader.m */; };
		A9A2DBAB1C70632200CE0765 /* AFNetworkActivityIndicatorManager.m in Sources */ = {isa = PBXBuildFile; fileRef = A9A2DB941C70632200CE0765 /* AFNetworkActivityIndicatorManager.m */; };
		A9A2DBAC1C70632200CE0765 /* UIActivityIndicatorView+AFNetworking.m in Sources */ = {isa = PBXBuildFile; fileRef = A9A2DB961C70632200CE0765 /* UIActivityIndicatorView+AFNetworking.m */; };
		A9A2DBAD1C70632200CE0765 /* UIButton+AFNetworking.m in Sources */ = {isa = PBXBuildFile; fileRef = A9A2DB981C70632200CE0765 /* UIButton+AFNetworking.m */; };
		A9A2DBAE1C70632200CE0765 /* UIImageView+AFNetworking.m in Sources */ = {isa = PBXBuildFile; fileRef = A9A2DB9B1C70632200CE0765 /* UIImageView+AFNetworking.m */; };
		A9A2DBAF1C70632200CE0765 /* UIProgressView+AFNetworking.m in Sources */ = {isa = PBXBuildFile; fileRef = A9A2DB9E1C70632200CE0765 /* UIProgressView+AFNetworking.m */; };
		A9A2DBB01C70632200CE0765 /* UIRefreshControl+AFNetworking.m in Sources */ = {isa = PBXBuildFile; fileRef = A9A2DBA01C70632200CE0765 /* UIRefreshControl+AFNetworking.m */; };
		A9A2DBB11C70632200CE0765 /* UIWebView+AFNetworking.m in Sources */ = {isa = PBXBuildFile; fileRef = A9A2DBA21C70632200CE0765 /* UIWebView+AFNetworking.m */; };
		A9A2DBB41C70638B00CE0765 /* Networking.m in Sources */ = {isa = PBXBuildFile; fileRef = A9A2DBB31C70638B00CE0765 /* Networking.m */; };
		A9B6902D1C70D98B007CDFB4 /* WeatherModel.m in Sources */ = {isa = PBXBuildFile; fileRef = A9B6902C1C70D98B007CDFB4 /* WeatherModel.m */; };
		A9B6902E1C70D98B007CDFB4 /* WeatherModel.m in Sources */ = {isa = PBXBuildFile; fileRef = A9B6902C1C70D98B007CDFB4 /* WeatherModel.m */; };
		A9B690321C7138C5007CDFB4 /* PhoneDetailCell.m in Sources */ = {isa = PBXBuildFile; fileRef = A9B690311C7138C5007CDFB4 /* PhoneDetailCell.m */; };
		A9B690351C71877F007CDFB4 /* DetailPadViewController.m in Sources */ = {isa = PBXBuildFile; fileRef = A9B690341C71877F007CDFB4 /* DetailPadViewController.m */; };
		A9B690381C71B144007CDFB4 /* DetailPhoneViewController.m in Sources */ = {isa = PBXBuildFile; fileRef = A9B690371C71B144007CDFB4 /* DetailPhoneViewController.m */; };
/* End PBXBuildFile section */

/* Begin PBXContainerItemProxy section */
		A93F6A3F1C6FE714009E7144 /* PBXContainerItemProxy */ = {
			isa = PBXContainerItemProxy;
			containerPortal = A93F6A1A1C6FE713009E7144 /* Project object */;
			proxyType = 1;
			remoteGlobalIDString = A93F6A211C6FE713009E7144;
			remoteInfo = WeatherList;
		};
		A93F6A4A1C6FE714009E7144 /* PBXContainerItemProxy */ = {
			isa = PBXContainerItemProxy;
			containerPortal = A93F6A1A1C6FE713009E7144 /* Project object */;
			proxyType = 1;
			remoteGlobalIDString = A93F6A211C6FE713009E7144;
			remoteInfo = WeatherList;
		};
/* End PBXContainerItemProxy section */

/* Begin PBXFileReference section */
		A93F6A221C6FE713009E7144 /* WeatherList.app */ = {isa = PBXFileReference; explicitFileType = wrapper.application; includeInIndex = 0; path = WeatherList.app; sourceTree = BUILT_PRODUCTS_DIR; };
		A93F6A261C6FE713009E7144 /* main.m */ = {isa = PBXFileReference; lastKnownFileType = sourcecode.c.objc; path = main.m; sourceTree = "<group>"; };
		A93F6A281C6FE713009E7144 /* AppDelegate.h */ = {isa = PBXFileReference; lastKnownFileType = sourcecode.c.h; path = AppDelegate.h; sourceTree = "<group>"; };
		A93F6A291C6FE713009E7144 /* AppDelegate.m */ = {isa = PBXFileReference; lastKnownFileType = sourcecode.c.objc; path = AppDelegate.m; sourceTree = "<group>"; };
		A93F6A2B1C6FE713009E7144 /* MasterViewController.h */ = {isa = PBXFileReference; lastKnownFileType = sourcecode.c.h; path = MasterViewController.h; sourceTree = "<group>"; };
		A93F6A2C1C6FE713009E7144 /* MasterViewController.m */ = {isa = PBXFileReference; lastKnownFileType = sourcecode.c.objc; path = MasterViewController.m; sourceTree = "<group>"; };
		A93F6A2E1C6FE713009E7144 /* DetailViewController.h */ = {isa = PBXFileReference; lastKnownFileType = sourcecode.c.h; path = DetailViewController.h; sourceTree = "<group>"; };
		A93F6A2F1C6FE713009E7144 /* DetailViewController.m */ = {isa = PBXFileReference; lastKnownFileType = sourcecode.c.objc; path = DetailViewController.m; sourceTree = "<group>"; };
		A93F6A321C6FE713009E7144 /* Base */ = {isa = PBXFileReference; lastKnownFileType = file.storyboard; name = Base; path = Base.lproj/Main_iPhone.storyboard; sourceTree = "<group>"; };
		A93F6A341C6FE713009E7144 /* Assets.xcassets */ = {isa = PBXFileReference; lastKnownFileType = folder.assetcatalog; path = Assets.xcassets; sourceTree = "<group>"; };
		A93F6A371C6FE713009E7144 /* Base */ = {isa = PBXFileReference; lastKnownFileType = file.storyboard; name = Base; path = Base.lproj/LaunchScreen.storyboard; sourceTree = "<group>"; };
		A93F6A391C6FE713009E7144 /* Info.plist */ = {isa = PBXFileReference; lastKnownFileType = text.plist.xml; path = Info.plist; sourceTree = "<group>"; };
		A93F6A3E1C6FE714009E7144 /* WeatherListTests.xctest */ = {isa = PBXFileReference; explicitFileType = wrapper.cfbundle; includeInIndex = 0; path = WeatherListTests.xctest; sourceTree = BUILT_PRODUCTS_DIR; };
		A93F6A421C6FE714009E7144 /* WeatherListTests.m */ = {isa = PBXFileReference; lastKnownFileType = sourcecode.c.objc; path = WeatherListTests.m; sourceTree = "<group>"; };
		A93F6A441C6FE714009E7144 /* Info.plist */ = {isa = PBXFileReference; lastKnownFileType = text.plist.xml; path = Info.plist; sourceTree = "<group>"; };
		A93F6A491C6FE714009E7144 /* WeatherListUITests.xctest */ = {isa = PBXFileReference; explicitFileType = wrapper.cfbundle; includeInIndex = 0; path = WeatherListUITests.xctest; sourceTree = BUILT_PRODUCTS_DIR; };
		A93F6A4D1C6FE714009E7144 /* WeatherListUITests.m */ = {isa = PBXFileReference; lastKnownFileType = sourcecode.c.objc; path = WeatherListUITests.m; sourceTree = "<group>"; };
		A93F6A4F1C6FE714009E7144 /* Info.plist */ = {isa = PBXFileReference; lastKnownFileType = text.plist.xml; path = Info.plist; sourceTree = "<group>"; };
		A93F6A5C1C6FF51F009E7144 /* Base */ = {isa = PBXFileReference; lastKnownFileType = file.storyboard; name = Base; path = Base.lproj/Main_iPad.storyboard; sourceTree = "<group>"; };
		A93F6A5E1C6FFA27009E7144 /* PhoneCell.h */ = {isa = PBXFileReference; fileEncoding = 4; lastKnownFileType = sourcecode.c.h; name = PhoneCell.h; path = TableCells/PhoneCell.h; sourceTree = "<group>"; };
		A93F6A5F1C6FFA27009E7144 /* PhoneCell.m */ = {isa = PBXFileReference; fileEncoding = 4; lastKnownFileType = sourcecode.c.objc; name = PhoneCell.m; path = TableCells/PhoneCell.m; sourceTree = "<group>"; };
		A93F6A621C6FFC3F009E7144 /* PadCell.h */ = {isa = PBXFileReference; fileEncoding = 4; lastKnownFileType = sourcecode.c.h; name = PadCell.h; path = TableCells/PadCell.h; sourceTree = "<group>"; };
		A93F6A631C6FFC3F009E7144 /* PadCell.m */ = {isa = PBXFileReference; fileEncoding = 4; lastKnownFileType = sourcecode.c.objc; name = PadCell.m; path = TableCells/PadCell.m; sourceTree = "<group>"; };
		A976DEBE1C723056006EF19C /* PadDetailCell.h */ = {isa = PBXFileReference; fileEncoding = 4; lastKnownFileType = sourcecode.c.h; name = PadDetailCell.h; path = TableCells/PadDetailCell.h; sourceTree = "<group>"; };
		A976DEBF1C723056006EF19C /* PadDetailCell.m */ = {isa = PBXFileReference; fileEncoding = 4; lastKnownFileType = sourcecode.c.objc; name = PadDetailCell.m; path = TableCells/PadDetailCell.m; sourceTree = "<group>"; };
		A9A2DB7C1C70469200CE0765 /* UIColor+CustomColors.h */ = {isa = PBXFileReference; fileEncoding = 4; lastKnownFileType = sourcecode.c.h; name = "UIColor+CustomColors.h"; path = "Extensions/UIColor+CustomColors.h"; sourceTree = "<group>"; };
		A9A2DB7D1C70469200CE0765 /* UIColor+CustomColors.m */ = {isa = PBXFileReference; fileEncoding = 4; lastKnownFileType = sourcecode.c.objc; name = "UIColor+CustomColors.m"; path = "Extensions/UIColor+CustomColors.m"; sourceTree = "<group>"; };
		A9A2DB811C70632200CE0765 /* AFHTTPSessionManager.h */ = {isa = PBXFileReference; fileEncoding = 4; lastKnownFileType = sourcecode.c.h; path = AFHTTPSessionManager.h; sourceTree = "<group>"; };
		A9A2DB821C70632200CE0765 /* AFHTTPSessionManager.m */ = {isa = PBXFileReference; fileEncoding = 4; lastKnownFileType = sourcecode.c.objc; path = AFHTTPSessionManager.m; sourceTree = "<group>"; };
		A9A2DB831C70632200CE0765 /* AFNetworking.h */ = {isa = PBXFileReference; fileEncoding = 4; lastKnownFileType = sourcecode.c.h; path = AFNetworking.h; sourceTree = "<group>"; };
		A9A2DB841C70632200CE0765 /* AFNetworkReachabilityManager.h */ = {isa = PBXFileReference; fileEncoding = 4; lastKnownFileType = sourcecode.c.h; path = AFNetworkReachabilityManager.h; sourceTree = "<group>"; };
		A9A2DB851C70632200CE0765 /* AFNetworkReachabilityManager.m */ = {isa = PBXFileReference; fileEncoding = 4; lastKnownFileType = sourcecode.c.objc; path = AFNetworkReachabilityManager.m; sourceTree = "<group>"; };
		A9A2DB861C70632200CE0765 /* AFSecurityPolicy.h */ = {isa = PBXFileReference; fileEncoding = 4; lastKnownFileType = sourcecode.c.h; path = AFSecurityPolicy.h; sourceTree = "<group>"; };
		A9A2DB871C70632200CE0765 /* AFSecurityPolicy.m */ = {isa = PBXFileReference; fileEncoding = 4; lastKnownFileType = sourcecode.c.objc; path = AFSecurityPolicy.m; sourceTree = "<group>"; };
		A9A2DB881C70632200CE0765 /* AFURLRequestSerialization.h */ = {isa = PBXFileReference; fileEncoding = 4; lastKnownFileType = sourcecode.c.h; path = AFURLRequestSerialization.h; sourceTree = "<group>"; };
		A9A2DB891C70632200CE0765 /* AFURLRequestSerialization.m */ = {isa = PBXFileReference; fileEncoding = 4; lastKnownFileType = sourcecode.c.objc; path = AFURLRequestSerialization.m; sourceTree = "<group>"; };
		A9A2DB8A1C70632200CE0765 /* AFURLResponseSerialization.h */ = {isa = PBXFileReference; fileEncoding = 4; lastKnownFileType = sourcecode.c.h; path = AFURLResponseSerialization.h; sourceTree = "<group>"; };
		A9A2DB8B1C70632200CE0765 /* AFURLResponseSerialization.m */ = {isa = PBXFileReference; fileEncoding = 4; lastKnownFileType = sourcecode.c.objc; path = AFURLResponseSerialization.m; sourceTree = "<group>"; };
		A9A2DB8C1C70632200CE0765 /* AFURLSessionManager.h */ = {isa = PBXFileReference; fileEncoding = 4; lastKnownFileType = sourcecode.c.h; path = AFURLSessionManager.h; sourceTree = "<group>"; };
		A9A2DB8D1C70632200CE0765 /* AFURLSessionManager.m */ = {isa = PBXFileReference; fileEncoding = 4; lastKnownFileType = sourcecode.c.objc; path = AFURLSessionManager.m; sourceTree = "<group>"; };
		A9A2DB8F1C70632200CE0765 /* AFAutoPurgingImageCache.h */ = {isa = PBXFileReference; fileEncoding = 4; lastKnownFileType = sourcecode.c.h; path = AFAutoPurgingImageCache.h; sourceTree = "<group>"; };
		A9A2DB901C70632200CE0765 /* AFAutoPurgingImageCache.m */ = {isa = PBXFileReference; fileEncoding = 4; lastKnownFileType = sourcecode.c.objc; path = AFAutoPurgingImageCache.m; sourceTree = "<group>"; };
		A9A2DB911C70632200CE0765 /* AFImageDownloader.h */ = {isa = PBXFileReference; fileEncoding = 4; lastKnownFileType = sourcecode.c.h; path = AFImageDownloader.h; sourceTree = "<group>"; };
		A9A2DB921C70632200CE0765 /* AFImageDownloader.m */ = {isa = PBXFileReference; fileEncoding = 4; lastKnownFileType = sourcecode.c.objc; path = AFImageDownloader.m; sourceTree = "<group>"; };
		A9A2DB931C70632200CE0765 /* AFNetworkActivityIndicatorManager.h */ = {isa = PBXFileReference; fileEncoding = 4; lastKnownFileType = sourcecode.c.h; path = AFNetworkActivityIndicatorManager.h; sourceTree = "<group>"; };
		A9A2DB941C70632200CE0765 /* AFNetworkActivityIndicatorManager.m */ = {isa = PBXFileReference; fileEncoding = 4; lastKnownFileType = sourcecode.c.objc; path = AFNetworkActivityIndicatorManager.m; sourceTree = "<group>"; };
		A9A2DB951C70632200CE0765 /* UIActivityIndicatorView+AFNetworking.h */ = {isa = PBXFileReference; fileEncoding = 4; lastKnownFileType = sourcecode.c.h; path = "UIActivityIndicatorView+AFNetworking.h"; sourceTree = "<group>"; };
		A9A2DB961C70632200CE0765 /* UIActivityIndicatorView+AFNetworking.m */ = {isa = PBXFileReference; fileEncoding = 4; lastKnownFileType = sourcecode.c.objc; path = "UIActivityIndicatorView+AFNetworking.m"; sourceTree = "<group>"; };
		A9A2DB971C70632200CE0765 /* UIButton+AFNetworking.h */ = {isa = PBXFileReference; fileEncoding = 4; lastKnownFileType = sourcecode.c.h; path = "UIButton+AFNetworking.h"; sourceTree = "<group>"; };
		A9A2DB981C70632200CE0765 /* UIButton+AFNetworking.m */ = {isa = PBXFileReference; fileEncoding = 4; lastKnownFileType = sourcecode.c.objc; path = "UIButton+AFNetworking.m"; sourceTree = "<group>"; };
		A9A2DB991C70632200CE0765 /* UIImage+AFNetworking.h */ = {isa = PBXFileReference; fileEncoding = 4; lastKnownFileType = sourcecode.c.h; path = "UIImage+AFNetworking.h"; sourceTree = "<group>"; };
		A9A2DB9A1C70632200CE0765 /* UIImageView+AFNetworking.h */ = {isa = PBXFileReference; fileEncoding = 4; lastKnownFileType = sourcecode.c.h; path = "UIImageView+AFNetworking.h"; sourceTree = "<group>"; };
		A9A2DB9B1C70632200CE0765 /* UIImageView+AFNetworking.m */ = {isa = PBXFileReference; fileEncoding = 4; lastKnownFileType = sourcecode.c.objc; path = "UIImageView+AFNetworking.m"; sourceTree = "<group>"; };
		A9A2DB9C1C70632200CE0765 /* UIKit+AFNetworking.h */ = {isa = PBXFileReference; fileEncoding = 4; lastKnownFileType = sourcecode.c.h; path = "UIKit+AFNetworking.h"; sourceTree = "<group>"; };
		A9A2DB9D1C70632200CE0765 /* UIProgressView+AFNetworking.h */ = {isa = PBXFileReference; fileEncoding = 4; lastKnownFileType = sourcecode.c.h; path = "UIProgressView+AFNetworking.h"; sourceTree = "<group>"; };
		A9A2DB9E1C70632200CE0765 /* UIProgressView+AFNetworking.m */ = {isa = PBXFileReference; fileEncoding = 4; lastKnownFileType = sourcecode.c.objc; path = "UIProgressView+AFNetworking.m"; sourceTree = "<group>"; };
		A9A2DB9F1C70632200CE0765 /* UIRefreshControl+AFNetworking.h */ = {isa = PBXFileReference; fileEncoding = 4; lastKnownFileType = sourcecode.c.h; path = "UIRefreshControl+AFNetworking.h"; sourceTree = "<group>"; };
		A9A2DBA01C70632200CE0765 /* UIRefreshControl+AFNetworking.m */ = {isa = PBXFileReference; fileEncoding = 4; lastKnownFileType = sourcecode.c.objc; path = "UIRefreshControl+AFNetworking.m"; sourceTree = "<group>"; };
		A9A2DBA11C70632200CE0765 /* UIWebView+AFNetworking.h */ = {isa = PBXFileReference; fileEncoding = 4; lastKnownFileType = sourcecode.c.h; path = "UIWebView+AFNetworking.h"; sourceTree = "<group>"; };
		A9A2DBA21C70632200CE0765 /* UIWebView+AFNetworking.m */ = {isa = PBXFileReference; fileEncoding = 4; lastKnownFileType = sourcecode.c.objc; path = "UIWebView+AFNetworking.m"; sourceTree = "<group>"; };
		A9A2DBB21C70638B00CE0765 /* Networking.h */ = {isa = PBXFileReference; fileEncoding = 4; lastKnownFileType = sourcecode.c.h; path = Networking.h; sourceTree = "<group>"; };
		A9A2DBB31C70638B00CE0765 /* Networking.m */ = {isa = PBXFileReference; fileEncoding = 4; lastKnownFileType = sourcecode.c.objc; path = Networking.m; sourceTree = "<group>"; };
		A9B6902B1C70D98B007CDFB4 /* WeatherModel.h */ = {isa = PBXFileReference; fileEncoding = 4; lastKnownFileType = sourcecode.c.h; name = WeatherModel.h; path = DataSource/WeatherModel.h; sourceTree = "<group>"; };
		A9B6902C1C70D98B007CDFB4 /* WeatherModel.m */ = {isa = PBXFileReference; fileEncoding = 4; lastKnownFileType = sourcecode.c.objc; name = WeatherModel.m; path = DataSource/WeatherModel.m; sourceTree = "<group>"; };
		A9B690301C7138C5007CDFB4 /* PhoneDetailCell.h */ = {isa = PBXFileReference; fileEncoding = 4; lastKnownFileType = sourcecode.c.h; name = PhoneDetailCell.h; path = TableCells/PhoneDetailCell.h; sourceTree = "<group>"; };
		A9B690311C7138C5007CDFB4 /* PhoneDetailCell.m */ = {isa = PBXFileReference; fileEncoding = 4; lastKnownFileType = sourcecode.c.objc; name = PhoneDetailCell.m; path = TableCells/PhoneDetailCell.m; sourceTree = "<group>"; };
		A9B690331C71877F007CDFB4 /* DetailPadViewController.h */ = {isa = PBXFileReference; fileEncoding = 4; lastKnownFileType = sourcecode.c.h; path = DetailPadViewController.h; sourceTree = "<group>"; };
		A9B690341C71877F007CDFB4 /* DetailPadViewController.m */ = {isa = PBXFileReference; fileEncoding = 4; lastKnownFileType = sourcecode.c.objc; path = DetailPadViewController.m; sourceTree = "<group>"; };
		A9B690361C71B144007CDFB4 /* DetailPhoneViewController.h */ = {isa = PBXFileReference; fileEncoding = 4; lastKnownFileType = sourcecode.c.h; path = DetailPhoneViewController.h; sourceTree = "<group>"; };
		A9B690371C71B144007CDFB4 /* DetailPhoneViewController.m */ = {isa = PBXFileReference; fileEncoding = 4; lastKnownFileType = sourcecode.c.objc; path = DetailPhoneViewController.m; sourceTree = "<group>"; };
/* End PBXFileReference section */

/* Begin PBXFrameworksBuildPhase section */
		A93F6A1F1C6FE713009E7144 /* Frameworks */ = {
			isa = PBXFrameworksBuildPhase;
			buildActionMask = 2147483647;
			files = (
			);
			runOnlyForDeploymentPostprocessing = 0;
		};
		A93F6A3B1C6FE714009E7144 /* Frameworks */ = {
			isa = PBXFrameworksBuildPhase;
			buildActionMask = 2147483647;
			files = (
			);
			runOnlyForDeploymentPostprocessing = 0;
		};
		A93F6A461C6FE714009E7144 /* Frameworks */ = {
			isa = PBXFrameworksBuildPhase;
			buildActionMask = 2147483647;
			files = (
			);
			runOnlyForDeploymentPostprocessing = 0;
		};
/* End PBXFrameworksBuildPhase section */

/* Begin PBXGroup section */
		A93F6A191C6FE712009E7144 = {
			isa = PBXGroup;
			children = (
				A93F6A241C6FE713009E7144 /* WeatherList */,
				A93F6A411C6FE714009E7144 /* WeatherListTests */,
				A93F6A4C1C6FE714009E7144 /* WeatherListUITests */,
				A93F6A231C6FE713009E7144 /* Products */,
			);
			sourceTree = "<group>";
		};
		A93F6A231C6FE713009E7144 /* Products */ = {
			isa = PBXGroup;
			children = (
				A93F6A221C6FE713009E7144 /* WeatherList.app */,
				A93F6A3E1C6FE714009E7144 /* WeatherListTests.xctest */,
				A93F6A491C6FE714009E7144 /* WeatherListUITests.xctest */,
			);
			name = Products;
			sourceTree = "<group>";
		};
		A93F6A241C6FE713009E7144 /* WeatherList */ = {
			isa = PBXGroup;
			children = (
				A93F6A281C6FE713009E7144 /* AppDelegate.h */,
				A93F6A291C6FE713009E7144 /* AppDelegate.m */,
				A93F6A2B1C6FE713009E7144 /* MasterViewController.h */,
				A93F6A2C1C6FE713009E7144 /* MasterViewController.m */,
				A93F6A2E1C6FE713009E7144 /* DetailViewController.h */,
				A93F6A2F1C6FE713009E7144 /* DetailViewController.m */,
				A9B690361C71B144007CDFB4 /* DetailPhoneViewController.h */,
				A9B690371C71B144007CDFB4 /* DetailPhoneViewController.m */,
				A9B690331C71877F007CDFB4 /* DetailPadViewController.h */,
				A9B690341C71877F007CDFB4 /* DetailPadViewController.m */,
				A9A2DBB21C70638B00CE0765 /* Networking.h */,
				A9A2DBB31C70638B00CE0765 /* Networking.m */,
				A9B6902F1C70D994007CDFB4 /* DataSource */,
				A9A2DB7F1C70469C00CE0765 /* Extensions */,
				A93F6A611C6FFA2E009E7144 /* TableCells */,
				A93F6A311C6FE713009E7144 /* Main_iPhone.storyboard */,
				A93F6A5B1C6FF51F009E7144 /* Main_iPad.storyboard */,
				A93F6A341C6FE713009E7144 /* Assets.xcassets */,
				A93F6A361C6FE713009E7144 /* LaunchScreen.storyboard */,
				A93F6A391C6FE713009E7144 /* Info.plist */,
				A9A2DB801C70632200CE0765 /* AFNetworking */,
				A9A2DB8E1C70632200CE0765 /* UIKit+AFNetworking */,
				A93F6A251C6FE713009E7144 /* Supporting Files */,
			);
			path = WeatherList;
			sourceTree = "<group>";
		};
		A93F6A251C6FE713009E7144 /* Supporting Files */ = {
			isa = PBXGroup;
			children = (
				A93F6A261C6FE713009E7144 /* main.m */,
			);
			name = "Supporting Files";
			sourceTree = "<group>";
		};
		A93F6A411C6FE714009E7144 /* WeatherListTests */ = {
			isa = PBXGroup;
			children = (
				A93F6A421C6FE714009E7144 /* WeatherListTests.m */,
				A93F6A441C6FE714009E7144 /* Info.plist */,
			);
			path = WeatherListTests;
			sourceTree = "<group>";
		};
		A93F6A4C1C6FE714009E7144 /* WeatherListUITests */ = {
			isa = PBXGroup;
			children = (
				A93F6A4D1C6FE714009E7144 /* WeatherListUITests.m */,
				A93F6A4F1C6FE714009E7144 /* Info.plist */,
			);
			path = WeatherListUITests;
			sourceTree = "<group>";
		};
		A93F6A611C6FFA2E009E7144 /* TableCells */ = {
			isa = PBXGroup;
			children = (
				A93F6A5E1C6FFA27009E7144 /* PhoneCell.h */,
				A93F6A5F1C6FFA27009E7144 /* PhoneCell.m */,
				A93F6A621C6FFC3F009E7144 /* PadCell.h */,
				A93F6A631C6FFC3F009E7144 /* PadCell.m */,
				A9B690301C7138C5007CDFB4 /* PhoneDetailCell.h */,
				A9B690311C7138C5007CDFB4 /* PhoneDetailCell.m */,
				A976DEBE1C723056006EF19C /* PadDetailCell.h */,
				A976DEBF1C723056006EF19C /* PadDetailCell.m */,
			);
			name = TableCells;
			sourceTree = "<group>";
		};
		A9A2DB7F1C70469C00CE0765 /* Extensions */ = {
			isa = PBXGroup;
			children = (
				A9A2DB7C1C70469200CE0765 /* UIColor+CustomColors.h */,
				A9A2DB7D1C70469200CE0765 /* UIColor+CustomColors.m */,
			);
			name = Extensions;
			sourceTree = "<group>";
		};
		A9A2DB801C70632200CE0765 /* AFNetworking */ = {
			isa = PBXGroup;
			children = (
				A9A2DB811C70632200CE0765 /* AFHTTPSessionManager.h */,
				A9A2DB821C70632200CE0765 /* AFHTTPSessionManager.m */,
				A9A2DB831C70632200CE0765 /* AFNetworking.h */,
				A9A2DB841C70632200CE0765 /* AFNetworkReachabilityManager.h */,
				A9A2DB851C70632200CE0765 /* AFNetworkReachabilityManager.m */,
				A9A2DB861C70632200CE0765 /* AFSecurityPolicy.h */,
				A9A2DB871C70632200CE0765 /* AFSecurityPolicy.m */,
				A9A2DB881C70632200CE0765 /* AFURLRequestSerialization.h */,
				A9A2DB891C70632200CE0765 /* AFURLRequestSerialization.m */,
				A9A2DB8A1C70632200CE0765 /* AFURLResponseSerialization.h */,
				A9A2DB8B1C70632200CE0765 /* AFURLResponseSerialization.m */,
				A9A2DB8C1C70632200CE0765 /* AFURLSessionManager.h */,
				A9A2DB8D1C70632200CE0765 /* AFURLSessionManager.m */,
			);
			path = AFNetworking;
			sourceTree = "<group>";
		};
		A9A2DB8E1C70632200CE0765 /* UIKit+AFNetworking */ = {
			isa = PBXGroup;
			children = (
				A9A2DB8F1C70632200CE0765 /* AFAutoPurgingImageCache.h */,
				A9A2DB901C70632200CE0765 /* AFAutoPurgingImageCache.m */,
				A9A2DB911C70632200CE0765 /* AFImageDownloader.h */,
				A9A2DB921C70632200CE0765 /* AFImageDownloader.m */,
				A9A2DB931C70632200CE0765 /* AFNetworkActivityIndicatorManager.h */,
				A9A2DB941C70632200CE0765 /* AFNetworkActivityIndicatorManager.m */,
				A9A2DB951C70632200CE0765 /* UIActivityIndicatorView+AFNetworking.h */,
				A9A2DB961C70632200CE0765 /* UIActivityIndicatorView+AFNetworking.m */,
				A9A2DB971C70632200CE0765 /* UIButton+AFNetworking.h */,
				A9A2DB981C70632200CE0765 /* UIButton+AFNetworking.m */,
				A9A2DB991C70632200CE0765 /* UIImage+AFNetworking.h */,
				A9A2DB9A1C70632200CE0765 /* UIImageView+AFNetworking.h */,
				A9A2DB9B1C70632200CE0765 /* UIImageView+AFNetworking.m */,
				A9A2DB9C1C70632200CE0765 /* UIKit+AFNetworking.h */,
				A9A2DB9D1C70632200CE0765 /* UIProgressView+AFNetworking.h */,
				A9A2DB9E1C70632200CE0765 /* UIProgressView+AFNetworking.m */,
				A9A2DB9F1C70632200CE0765 /* UIRefreshControl+AFNetworking.h */,
				A9A2DBA01C70632200CE0765 /* UIRefreshControl+AFNetworking.m */,
				A9A2DBA11C70632200CE0765 /* UIWebView+AFNetworking.h */,
				A9A2DBA21C70632200CE0765 /* UIWebView+AFNetworking.m */,
			);
			path = "UIKit+AFNetworking";
			sourceTree = "<group>";
		};
		A9B6902F1C70D994007CDFB4 /* DataSource */ = {
			isa = PBXGroup;
			children = (
				A9B6902B1C70D98B007CDFB4 /* WeatherModel.h */,
				A9B6902C1C70D98B007CDFB4 /* WeatherModel.m */,
			);
			name = DataSource;
			sourceTree = "<group>";
		};
/* End PBXGroup section */

/* Begin PBXNativeTarget section */
		A93F6A211C6FE713009E7144 /* WeatherList */ = {
			isa = PBXNativeTarget;
			buildConfigurationList = A93F6A521C6FE714009E7144 /* Build configuration list for PBXNativeTarget "WeatherList" */;
			buildPhases = (
				A93F6A1E1C6FE713009E7144 /* Sources */,
				A93F6A1F1C6FE713009E7144 /* Frameworks */,
				A93F6A201C6FE713009E7144 /* Resources */,
			);
			buildRules = (
			);
			dependencies = (
			);
			name = WeatherList;
			productName = WeatherList;
			productReference = A93F6A221C6FE713009E7144 /* WeatherList.app */;
			productType = "com.apple.product-type.application";
		};
		A93F6A3D1C6FE714009E7144 /* WeatherListTests */ = {
			isa = PBXNativeTarget;
			buildConfigurationList = A93F6A551C6FE714009E7144 /* Build configuration list for PBXNativeTarget "WeatherListTests" */;
			buildPhases = (
				A93F6A3A1C6FE714009E7144 /* Sources */,
				A93F6A3B1C6FE714009E7144 /* Frameworks */,
				A93F6A3C1C6FE714009E7144 /* Resources */,
			);
			buildRules = (
			);
			dependencies = (
				A93F6A401C6FE714009E7144 /* PBXTargetDependency */,
			);
			name = WeatherListTests;
			productName = WeatherListTests;
			productReference = A93F6A3E1C6FE714009E7144 /* WeatherListTests.xctest */;
			productType = "com.apple.product-type.bundle.unit-test";
		};
		A93F6A481C6FE714009E7144 /* WeatherListUITests */ = {
			isa = PBXNativeTarget;
			buildConfigurationList = A93F6A581C6FE714009E7144 /* Build configuration list for PBXNativeTarget "WeatherListUITests" */;
			buildPhases = (
				A93F6A451C6FE714009E7144 /* Sources */,
				A93F6A461C6FE714009E7144 /* Frameworks */,
				A93F6A471C6FE714009E7144 /* Resources */,
			);
			buildRules = (
			);
			dependencies = (
				A93F6A4B1C6FE714009E7144 /* PBXTargetDependency */,
			);
			name = WeatherListUITests;
			productName = WeatherListUITests;
			productReference = A93F6A491C6FE714009E7144 /* WeatherListUITests.xctest */;
			productType = "com.apple.product-type.bundle.ui-testing";
		};
/* End PBXNativeTarget section */

/* Begin PBXProject section */
		A93F6A1A1C6FE713009E7144 /* Project object */ = {
			isa = PBXProject;
			attributes = {
				LastUpgradeCheck = 0720;
				ORGANIZATIONNAME = BillSnook;
				TargetAttributes = {
					A93F6A211C6FE713009E7144 = {
						CreatedOnToolsVersion = 7.2.1;
					};
					A93F6A3D1C6FE714009E7144 = {
						CreatedOnToolsVersion = 7.2.1;
						TestTargetID = A93F6A211C6FE713009E7144;
					};
					A93F6A481C6FE714009E7144 = {
						CreatedOnToolsVersion = 7.2.1;
						TestTargetID = A93F6A211C6FE713009E7144;
					};
				};
			};
			buildConfigurationList = A93F6A1D1C6FE713009E7144 /* Build configuration list for PBXProject "WeatherList" */;
			compatibilityVersion = "Xcode 3.2";
			developmentRegion = English;
			hasScannedForEncodings = 0;
			knownRegions = (
				en,
				Base,
			);
			mainGroup = A93F6A191C6FE712009E7144;
			productRefGroup = A93F6A231C6FE713009E7144 /* Products */;
			projectDirPath = "";
			projectRoot = "";
			targets = (
				A93F6A211C6FE713009E7144 /* WeatherList */,
				A93F6A3D1C6FE714009E7144 /* WeatherListTests */,
				A93F6A481C6FE714009E7144 /* WeatherListUITests */,
			);
		};
/* End PBXProject section */

/* Begin PBXResourcesBuildPhase section */
		A93F6A201C6FE713009E7144 /* Resources */ = {
			isa = PBXResourcesBuildPhase;
			buildActionMask = 2147483647;
			files = (
				A93F6A381C6FE713009E7144 /* LaunchScreen.storyboard in Resources */,
				A93F6A5D1C6FF51F009E7144 /* Main_iPad.storyboard in Resources */,
				A93F6A351C6FE713009E7144 /* Assets.xcassets in Resources */,
				A93F6A331C6FE713009E7144 /* Main_iPhone.storyboard in Resources */,
			);
			runOnlyForDeploymentPostprocessing = 0;
		};
		A93F6A3C1C6FE714009E7144 /* Resources */ = {
			isa = PBXResourcesBuildPhase;
			buildActionMask = 2147483647;
			files = (
			);
			runOnlyForDeploymentPostprocessing = 0;
		};
		A93F6A471C6FE714009E7144 /* Resources */ = {
			isa = PBXResourcesBuildPhase;
			buildActionMask = 2147483647;
			files = (
			);
			runOnlyForDeploymentPostprocessing = 0;
		};
/* End PBXResourcesBuildPhase section */

/* Begin PBXSourcesBuildPhase section */
		A93F6A1E1C6FE713009E7144 /* Sources */ = {
			isa = PBXSourcesBuildPhase;
			buildActionMask = 2147483647;
			files = (
				A93F6A2A1C6FE713009E7144 /* AppDelegate.m in Sources */,
				A9A2DBB41C70638B00CE0765 /* Networking.m in Sources */,
				A9A2DBA41C70632200CE0765 /* AFNetworkReachabilityManager.m in Sources */,
				A9A2DBAD1C70632200CE0765 /* UIButton+AFNetworking.m in Sources */,
				A9A2DBAA1C70632200CE0765 /* AFImageDownloader.m in Sources */,
				A9A2DBAF1C70632200CE0765 /* UIProgressView+AFNetworking.m in Sources */,
				A93F6A2D1C6FE713009E7144 /* MasterViewController.m in Sources */,
				A9A2DBAB1C70632200CE0765 /* AFNetworkActivityIndicatorManager.m in Sources */,
				A93F6A601C6FFA27009E7144 /* PhoneCell.m in Sources */,
				A9A2DBB01C70632200CE0765 /* UIRefreshControl+AFNetworking.m in Sources */,
				A9B690381C71B144007CDFB4 /* DetailPhoneViewController.m in Sources */,
				A93F6A271C6FE713009E7144 /* main.m in Sources */,
				A9B690351C71877F007CDFB4 /* DetailPadViewController.m in Sources */,
				A9A2DBA91C70632200CE0765 /* AFAutoPurgingImageCache.m in Sources */,
				A9A2DBAE1C70632200CE0765 /* UIImageView+AFNetworking.m in Sources */,
				A93F6A301C6FE713009E7144 /* DetailViewController.m in Sources */,
				A9A2DBA51C70632200CE0765 /* AFSecurityPolicy.m in Sources */,
				A9A2DBA61C70632200CE0765 /* AFURLRequestSerialization.m in Sources */,
				A976DEC01C723056006EF19C /* PadDetailCell.m in Sources */,
				A93F6A641C6FFC3F009E7144 /* PadCell.m in Sources */,
				A9A2DBB11C70632200CE0765 /* UIWebView+AFNetworking.m in Sources */,
				A9B6902D1C70D98B007CDFB4 /* WeatherModel.m in Sources */,
				A9A2DBAC1C70632200CE0765 /* UIActivityIndicatorView+AFNetworking.m in Sources */,
				A9A2DB7E1C70469200CE0765 /* UIColor+CustomColors.m in Sources */,
				A9A2DBA71C70632200CE0765 /* AFURLResponseSerialization.m in Sources */,
				A9A2DBA81C70632200CE0765 /* AFURLSessionManager.m in Sources */,
				A9B690321C7138C5007CDFB4 /* PhoneDetailCell.m in Sources */,
				A9A2DBA31C70632200CE0765 /* AFHTTPSessionManager.m in Sources */,
			);
			runOnlyForDeploymentPostprocessing = 0;
		};
		A93F6A3A1C6FE714009E7144 /* Sources */ = {
			isa = PBXSourcesBuildPhase;
			buildActionMask = 2147483647;
			files = (
				A9B6902E1C70D98B007CDFB4 /* WeatherModel.m in Sources */,
				A93F6A431C6FE714009E7144 /* WeatherListTests.m in Sources */,
			);
			runOnlyForDeploymentPostprocessing = 0;
		};
		A93F6A451C6FE714009E7144 /* Sources */ = {
			isa = PBXSourcesBuildPhase;
			buildActionMask = 2147483647;
			files = (
				A93F6A4E1C6FE714009E7144 /* WeatherListUITests.m in Sources */,
			);
			runOnlyForDeploymentPostprocessing = 0;
		};
/* End PBXSourcesBuildPhase section */

/* Begin PBXTargetDependency section */
		A93F6A401C6FE714009E7144 /* PBXTargetDependency */ = {
			isa = PBXTargetDependency;
			target = A93F6A211C6FE713009E7144 /* WeatherList */;
			targetProxy = A93F6A3F1C6FE714009E7144 /* PBXContainerItemProxy */;
		};
		A93F6A4B1C6FE714009E7144 /* PBXTargetDependency */ = {
			isa = PBXTargetDependency;
			target = A93F6A211C6FE713009E7144 /* WeatherList */;
			targetProxy = A93F6A4A1C6FE714009E7144 /* PBXContainerItemProxy */;
		};
/* End PBXTargetDependency section */

/* Begin PBXVariantGroup section */
		A93F6A311C6FE713009E7144 /* Main_iPhone.storyboard */ = {
			isa = PBXVariantGroup;
			children = (
				A93F6A321C6FE713009E7144 /* Base */,
			);
			name = Main_iPhone.storyboard;
			sourceTree = "<group>";
		};
		A93F6A361C6FE713009E7144 /* LaunchScreen.storyboard */ = {
			isa = PBXVariantGroup;
			children = (
				A93F6A371C6FE713009E7144 /* Base */,
			);
			name = LaunchScreen.storyboard;
			sourceTree = "<group>";
		};
		A93F6A5B1C6FF51F009E7144 /* Main_iPad.storyboard */ = {
			isa = PBXVariantGroup;
			children = (
				A93F6A5C1C6FF51F009E7144 /* Base */,
			);
			name = Main_iPad.storyboard;
			sourceTree = "<group>";
		};
/* End PBXVariantGroup section */

/* Begin XCBuildConfiguration section */
		A93F6A501C6FE714009E7144 /* Debug */ = {
			isa = XCBuildConfiguration;
			buildSettings = {
				ALWAYS_SEARCH_USER_PATHS = NO;
				CLANG_CXX_LANGUAGE_STANDARD = "gnu++0x";
				CLANG_CXX_LIBRARY = "libc++";
				CLANG_ENABLE_MODULES = YES;
				CLANG_ENABLE_OBJC_ARC = YES;
				CLANG_WARN_BOOL_CONVERSION = YES;
				CLANG_WARN_CONSTANT_CONVERSION = YES;
				CLANG_WARN_DIRECT_OBJC_ISA_USAGE = YES_ERROR;
				CLANG_WARN_EMPTY_BODY = YES;
				CLANG_WARN_ENUM_CONVERSION = YES;
				CLANG_WARN_INT_CONVERSION = YES;
				CLANG_WARN_OBJC_ROOT_CLASS = YES_ERROR;
				CLANG_WARN_UNREACHABLE_CODE = YES;
				CLANG_WARN__DUPLICATE_METHOD_MATCH = YES;
				"CODE_SIGN_IDENTITY[sdk=iphoneos*]" = "iPhone Developer";
				COPY_PHASE_STRIP = NO;
				DEBUG_INFORMATION_FORMAT = dwarf;
				ENABLE_STRICT_OBJC_MSGSEND = YES;
				ENABLE_TESTABILITY = YES;
				GCC_C_LANGUAGE_STANDARD = gnu99;
				GCC_DYNAMIC_NO_PIC = NO;
				GCC_NO_COMMON_BLOCKS = YES;
				GCC_OPTIMIZATION_LEVEL = 0;
				GCC_PREPROCESSOR_DEFINITIONS = (
					"DEBUG=1",
					"$(inherited)",
				);
				GCC_WARN_64_TO_32_BIT_CONVERSION = YES;
				GCC_WARN_ABOUT_RETURN_TYPE = YES_ERROR;
				GCC_WARN_UNDECLARED_SELECTOR = YES;
				GCC_WARN_UNINITIALIZED_AUTOS = YES_AGGRESSIVE;
				GCC_WARN_UNUSED_FUNCTION = YES;
				GCC_WARN_UNUSED_VARIABLE = YES;
				IPHONEOS_DEPLOYMENT_TARGET = 9.2;
				MTL_ENABLE_DEBUG_INFO = YES;
				ONLY_ACTIVE_ARCH = YES;
				SDKROOT = iphoneos;
				TARGETED_DEVICE_FAMILY = "1,2";
			};
			name = Debug;
		};
		A93F6A511C6FE714009E7144 /* Release */ = {
			isa = XCBuildConfiguration;
			buildSettings = {
				ALWAYS_SEARCH_USER_PATHS = NO;
				CLANG_CXX_LANGUAGE_STANDARD = "gnu++0x";
				CLANG_CXX_LIBRARY = "libc++";
				CLANG_ENABLE_MODULES = YES;
				CLANG_ENABLE_OBJC_ARC = YES;
				CLANG_WARN_BOOL_CONVERSION = YES;
				CLANG_WARN_CONSTANT_CONVERSION = YES;
				CLANG_WARN_DIRECT_OBJC_ISA_USAGE = YES_ERROR;
				CLANG_WARN_EMPTY_BODY = YES;
				CLANG_WARN_ENUM_CONVERSION = YES;
				CLANG_WARN_INT_CONVERSION = YES;
				CLANG_WARN_OBJC_ROOT_CLASS = YES_ERROR;
				CLANG_WARN_UNREACHABLE_CODE = YES;
				CLANG_WARN__DUPLICATE_METHOD_MATCH = YES;
				"CODE_SIGN_IDENTITY[sdk=iphoneos*]" = "iPhone Developer";
				COPY_PHASE_STRIP = NO;
				DEBUG_INFORMATION_FORMAT = "dwarf-with-dsym";
				ENABLE_NS_ASSERTIONS = NO;
				ENABLE_STRICT_OBJC_MSGSEND = YES;
				GCC_C_LANGUAGE_STANDARD = gnu99;
				GCC_NO_COMMON_BLOCKS = YES;
				GCC_WARN_64_TO_32_BIT_CONVERSION = YES;
				GCC_WARN_ABOUT_RETURN_TYPE = YES_ERROR;
				GCC_WARN_UNDECLARED_SELECTOR = YES;
				GCC_WARN_UNINITIALIZED_AUTOS = YES_AGGRESSIVE;
				GCC_WARN_UNUSED_FUNCTION = YES;
				GCC_WARN_UNUSED_VARIABLE = YES;
				IPHONEOS_DEPLOYMENT_TARGET = 9.2;
				MTL_ENABLE_DEBUG_INFO = NO;
				SDKROOT = iphoneos;
				TARGETED_DEVICE_FAMILY = "1,2";
				VALIDATE_PRODUCT = YES;
			};
			name = Release;
		};
		A93F6A531C6FE714009E7144 /* Debug */ = {
			isa = XCBuildConfiguration;
			buildSettings = {
				ASSETCATALOG_COMPILER_APPICON_NAME = AppIcon;
				INFOPLIST_FILE = WeatherList/Info.plist;
				IPHONEOS_DEPLOYMENT_TARGET = 9.0;
				LD_RUNPATH_SEARCH_PATHS = "$(inherited) @executable_path/Frameworks";
				PRODUCT_BUNDLE_IDENTIFIER = com.billsnook.testx.WeatherList;
				PRODUCT_NAME = "$(TARGET_NAME)";
			};
			name = Debug;
		};
		A93F6A541C6FE714009E7144 /* Release */ = {
			isa = XCBuildConfiguration;
			buildSettings = {
				ASSETCATALOG_COMPILER_APPICON_NAME = AppIcon;
				INFOPLIST_FILE = WeatherList/Info.plist;
				IPHONEOS_DEPLOYMENT_TARGET = 9.0;
				LD_RUNPATH_SEARCH_PATHS = "$(inherited) @executable_path/Frameworks";
				PRODUCT_BUNDLE_IDENTIFIER = com.billsnook.testx.WeatherList;
				PRODUCT_NAME = "$(TARGET_NAME)";
			};
			name = Release;
		};
		A93F6A561C6FE714009E7144 /* Debug */ = {
			isa = XCBuildConfiguration;
			buildSettings = {
				BUNDLE_LOADER = "$(TEST_HOST)";
				INFOPLIST_FILE = WeatherListTests/Info.plist;
				LD_RUNPATH_SEARCH_PATHS = "$(inherited) @executable_path/Frameworks @loader_path/Frameworks";
				PRODUCT_BUNDLE_IDENTIFIER = com.billsnook.testx.WeatherListTests;
				PRODUCT_NAME = "$(TARGET_NAME)";
				TEST_HOST = "$(BUILT_PRODUCTS_DIR)/WeatherList.app/WeatherList";
			};
			name = Debug;
		};
		A93F6A571C6FE714009E7144 /* Release */ = {
			isa = XCBuildConfiguration;
			buildSettings = {
				BUNDLE_LOADER = "$(TEST_HOST)";
				INFOPLIST_FILE = WeatherListTests/Info.plist;
				LD_RUNPATH_SEARCH_PATHS = "$(inherited) @executable_path/Frameworks @loader_path/Frameworks";
				PRODUCT_BUNDLE_IDENTIFIER = com.billsnook.testx.WeatherListTests;
				PRODUCT_NAME = "$(TARGET_NAME)";
				TEST_HOST = "$(BUILT_PRODUCTS_DIR)/WeatherList.app/WeatherList";
			};
			name = Release;
		};
		A93F6A591C6FE714009E7144 /* Debug */ = {
			isa = XCBuildConfiguration;
			buildSettings = {
				INFOPLIST_FILE = WeatherListUITests/Info.plist;
				LD_RUNPATH_SEARCH_PATHS = "$(inherited) @executable_path/Frameworks @loader_path/Frameworks";
				PRODUCT_BUNDLE_IDENTIFIER = com.billsnook.testx.WeatherListUITests;
				PRODUCT_NAME = "$(TARGET_NAME)";
				TEST_TARGET_NAME = WeatherList;
				USES_XCTRUNNER = YES;
			};
			name = Debug;
		};
		A93F6A5A1C6FE714009E7144 /* Release */ = {
			isa = XCBuildConfiguration;
			buildSettings = {
				INFOPLIST_FILE = WeatherListUITests/Info.plist;
				LD_RUNPATH_SEARCH_PATHS = "$(inherited) @executable_path/Frameworks @loader_path/Frameworks";
				PRODUCT_BUNDLE_IDENTIFIER = com.billsnook.testx.WeatherListUITests;
				PRODUCT_NAME = "$(TARGET_NAME)";
				TEST_TARGET_NAME = WeatherList;
				USES_XCTRUNNER = YES;
			};
			name = Release;
		};
/* End XCBuildConfiguration section */

/* Begin XCConfigurationList section */
		A93F6A1D1C6FE713009E7144 /* Build configuration list for PBXProject "WeatherList" */ = {
			isa = XCConfigurationList;
			buildConfigurations = (
				A93F6A501C6FE714009E7144 /* Debug */,
				A93F6A511C6FE714009E7144 /* Release */,
			);
			defaultConfigurationIsVisible = 0;
			defaultConfigurationName = Release;
		};
		A93F6A521C6FE714009E7144 /* Build configuration list for PBXNativeTarget "WeatherList" */ = {
			isa = XCConfigurationList;
			buildConfigurations = (
				A93F6A531C6FE714009E7144 /* Debug */,
				A93F6A541C6FE714009E7144 /* Release */,
			);
			defaultConfigurationIsVisible = 0;
			defaultConfigurationName = Release;
		};
		A93F6A551C6FE714009E7144 /* Build configuration list for PBXNativeTarget "WeatherListTests" */ = {
			isa = XCConfigurationList;
			buildConfigurations = (
				A93F6A561C6FE714009E7144 /* Debug */,
				A93F6A571C6FE714009E7144 /* Release */,
			);
			defaultConfigurationIsVisible = 0;
			defaultConfigurationName = Release;
		};
		A93F6A581C6FE714009E7144 /* Build configuration list for PBXNativeTarget "WeatherListUITests" */ = {
			isa = XCConfigurationList;
			buildConfigurations = (
				A93F6A591C6FE714009E7144 /* Debug */,
				A93F6A5A1C6FE714009E7144 /* Release */,
			);
			defaultConfigurationIsVisible = 0;
			defaultConfigurationName = Release;
		};
/* End XCConfigurationList section */
	};
	rootObject = A93F6A1A1C6FE713009E7144 /* Project object */;
}
